// !$*UTF8*$!
{
	archiveVersion = 1;
	classes = {
	};
	objectVersion = 46;
	objects = {

/* Begin PBXBuildFile section */
		514793751EB9E887009CD671 /* ServiceMethodScheme.swift in Sources */ = {isa = PBXBuildFile; fileRef = 51CA97161E82ADC5000D10DF /* ServiceMethodScheme.swift */; };
		514793761EB9E9A0009CD671 /* ServiceMethodSchemeFactory.swift in Sources */ = {isa = PBXBuildFile; fileRef = 51CA971A1E82BC3B000D10DF /* ServiceMethodSchemeFactory.swift */; };
		51AEEC2C1E9BB1C90083463C /* Composer.swift in Sources */ = {isa = PBXBuildFile; fileRef = 51E368601E966F5A00F8A2A7 /* Composer.swift */; };
		51AEEC2D1E9BB1C90083463C /* ComposerApplication.swift in Sources */ = {isa = PBXBuildFile; fileRef = 51E368611E966F5A00F8A2A7 /* ComposerApplication.swift */; };
		51AEEC2E1E9BB1C90083463C /* ExecutionParametersReader.swift in Sources */ = {isa = PBXBuildFile; fileRef = 51E368631E966F5A00F8A2A7 /* ExecutionParametersReader.swift */; };
		51AEEC2F1E9BB1C90083463C /* FileFinder.swift in Sources */ = {isa = PBXBuildFile; fileRef = 51E368641E966F5A00F8A2A7 /* FileFinder.swift */; };
		51AEEC301E9BB1C90083463C /* FileWriter.swift in Sources */ = {isa = PBXBuildFile; fileRef = 51E368651E966F5A00F8A2A7 /* FileWriter.swift */; };
		51AEEC311E9BB1C90083463C /* SourceCodeFileReader.swift in Sources */ = {isa = PBXBuildFile; fileRef = 51E368661E966F5A00F8A2A7 /* SourceCodeFileReader.swift */; };
		51AEEC321E9BB1C90083463C /* Log.swift in Sources */ = {isa = PBXBuildFile; fileRef = 51E368671E966F5A00F8A2A7 /* Log.swift */; };
		51AEEC331E9BB1C90083463C /* ExecutionParameters.swift in Sources */ = {isa = PBXBuildFile; fileRef = 51E368691E966F5A00F8A2A7 /* ExecutionParameters.swift */; };
		51AEEC341E9BB1C90083463C /* Implementation.swift in Sources */ = {isa = PBXBuildFile; fileRef = 51E3686A1E966F5A00F8A2A7 /* Implementation.swift */; };
		51AEEC351E9BB1C90083463C /* Compiler.swift in Sources */ = {isa = PBXBuildFile; fileRef = 51E368761E966F5A00F8A2A7 /* Compiler.swift */; };
		51AEEC361E9BB1C90083463C /* AnnotationParser.swift in Sources */ = {isa = PBXBuildFile; fileRef = 51E368791E966F5A00F8A2A7 /* AnnotationParser.swift */; };
		51AEEC371E9BB1C90083463C /* ArgumentParser.swift in Sources */ = {isa = PBXBuildFile; fileRef = 51E3687A1E966F5A00F8A2A7 /* ArgumentParser.swift */; };
		51AEEC381E9BB1C90083463C /* KlassContentParser.swift in Sources */ = {isa = PBXBuildFile; fileRef = 51E3687B1E966F5A00F8A2A7 /* KlassContentParser.swift */; };
		51AEEC391E9BB1C90083463C /* KlassParser.swift in Sources */ = {isa = PBXBuildFile; fileRef = 51E3687C1E966F5A00F8A2A7 /* KlassParser.swift */; };
		51AEEC3A1E9BB1C90083463C /* MethodParser.swift in Sources */ = {isa = PBXBuildFile; fileRef = 51E3687D1E966F5A00F8A2A7 /* MethodParser.swift */; };
		51AEEC3B1E9BB1C90083463C /* PropertyParser.swift in Sources */ = {isa = PBXBuildFile; fileRef = 51E3687E1E966F5A00F8A2A7 /* PropertyParser.swift */; };
		51AEEC3C1E9BB1C90083463C /* TypeParser.swift in Sources */ = {isa = PBXBuildFile; fileRef = 51E3687F1E966F5A00F8A2A7 /* TypeParser.swift */; };
		51AEEC3D1E9BB1C90083463C /* String+Line.swift in Sources */ = {isa = PBXBuildFile; fileRef = 51E368811E966F5A00F8A2A7 /* String+Line.swift */; };
		51AEEC3E1E9BB1C90083463C /* String+Truncate.swift in Sources */ = {isa = PBXBuildFile; fileRef = 51E368821E966F5A00F8A2A7 /* String+Truncate.swift */; };
		51AEEC3F1E9BB1C90083463C /* Annotation.swift in Sources */ = {isa = PBXBuildFile; fileRef = 51E368841E966F5A00F8A2A7 /* Annotation.swift */; };
		51AEEC401E9BB1C90083463C /* Argument.swift in Sources */ = {isa = PBXBuildFile; fileRef = 51E368851E966F5A00F8A2A7 /* Argument.swift */; };
		51AEEC411E9BB1C90083463C /* CompilerMessage.swift in Sources */ = {isa = PBXBuildFile; fileRef = 51E368861E966F5A00F8A2A7 /* CompilerMessage.swift */; };
		51AEEC421E9BB1C90083463C /* Klass.swift in Sources */ = {isa = PBXBuildFile; fileRef = 51E368871E966F5A00F8A2A7 /* Klass.swift */; };
		51AEEC431E9BB1C90083463C /* Method.swift in Sources */ = {isa = PBXBuildFile; fileRef = 51E368881E966F5A00F8A2A7 /* Method.swift */; };
		51AEEC441E9BB1C90083463C /* Property.swift in Sources */ = {isa = PBXBuildFile; fileRef = 51E368891E966F5A00F8A2A7 /* Property.swift */; };
		51AEEC451E9BB1C90083463C /* SourceCodeFile.swift in Sources */ = {isa = PBXBuildFile; fileRef = 51E3688A1E966F5A00F8A2A7 /* SourceCodeFile.swift */; };
		51AEEC461E9BB1C90083463C /* SourceCodeLine.swift in Sources */ = {isa = PBXBuildFile; fileRef = 51E3688B1E966F5A00F8A2A7 /* SourceCodeLine.swift */; };
		51AEEC471E9BB1C90083463C /* Typê.swift in Sources */ = {isa = PBXBuildFile; fileRef = 51E3688C1E966F5A00F8A2A7 /* Typê.swift */; };
		51AEEC4B1E9BB4B50083463C /* ServiceCall.swift.test in Resources */ = {isa = PBXBuildFile; fileRef = 51AEEC4A1E9BB4B50083463C /* ServiceCall.swift.test */; };
		51AEEC4D1E9BB5060083463C /* TestCase.swift in Sources */ = {isa = PBXBuildFile; fileRef = 51AEEC4C1E9BB5060083463C /* TestCase.swift */; };
		51AEEC4F1E9BCAB70083463C /* AuthorizedServiceCall.swift.test in Resources */ = {isa = PBXBuildFile; fileRef = 51AEEC4E1E9BCAB70083463C /* AuthorizedServiceCall.swift.test */; };
		51AEEC501E9BEC270083463C /* ServiceSchemeFactory.swift in Sources */ = {isa = PBXBuildFile; fileRef = 51CA97141E82A317000D10DF /* ServiceSchemeFactory.swift */; };
		51AEEC511E9BEC340083463C /* ServiceSchema.swift in Sources */ = {isa = PBXBuildFile; fileRef = 51CA97121E828B39000D10DF /* ServiceSchema.swift */; };
		51CA97131E828B39000D10DF /* ServiceSchema.swift in Sources */ = {isa = PBXBuildFile; fileRef = 51CA97121E828B39000D10DF /* ServiceSchema.swift */; };
		51CA97151E82A317000D10DF /* ServiceSchemeFactory.swift in Sources */ = {isa = PBXBuildFile; fileRef = 51CA97141E82A317000D10DF /* ServiceSchemeFactory.swift */; };
		51CA97171E82ADC5000D10DF /* ServiceMethodScheme.swift in Sources */ = {isa = PBXBuildFile; fileRef = 51CA97161E82ADC5000D10DF /* ServiceMethodScheme.swift */; };
		51CA971B1E82BC3B000D10DF /* ServiceMethodSchemeFactory.swift in Sources */ = {isa = PBXBuildFile; fileRef = 51CA971A1E82BC3B000D10DF /* ServiceMethodSchemeFactory.swift */; };
		51E368A51E966F5A00F8A2A7 /* Composer.swift in Sources */ = {isa = PBXBuildFile; fileRef = 51E368601E966F5A00F8A2A7 /* Composer.swift */; };
		51E368A61E966F5A00F8A2A7 /* ComposerApplication.swift in Sources */ = {isa = PBXBuildFile; fileRef = 51E368611E966F5A00F8A2A7 /* ComposerApplication.swift */; };
		51E368A71E966F5A00F8A2A7 /* ExecutionParametersReader.swift in Sources */ = {isa = PBXBuildFile; fileRef = 51E368631E966F5A00F8A2A7 /* ExecutionParametersReader.swift */; };
		51E368A81E966F5A00F8A2A7 /* FileFinder.swift in Sources */ = {isa = PBXBuildFile; fileRef = 51E368641E966F5A00F8A2A7 /* FileFinder.swift */; };
		51E368A91E966F5A00F8A2A7 /* FileWriter.swift in Sources */ = {isa = PBXBuildFile; fileRef = 51E368651E966F5A00F8A2A7 /* FileWriter.swift */; };
		51E368AA1E966F5A00F8A2A7 /* SourceCodeFileReader.swift in Sources */ = {isa = PBXBuildFile; fileRef = 51E368661E966F5A00F8A2A7 /* SourceCodeFileReader.swift */; };
		51E368AB1E966F5A00F8A2A7 /* Log.swift in Sources */ = {isa = PBXBuildFile; fileRef = 51E368671E966F5A00F8A2A7 /* Log.swift */; };
		51E368AC1E966F5A00F8A2A7 /* ExecutionParameters.swift in Sources */ = {isa = PBXBuildFile; fileRef = 51E368691E966F5A00F8A2A7 /* ExecutionParameters.swift */; };
		51E368AD1E966F5A00F8A2A7 /* Implementation.swift in Sources */ = {isa = PBXBuildFile; fileRef = 51E3686A1E966F5A00F8A2A7 /* Implementation.swift */; };
		51E368B21E966F5A00F8A2A7 /* Compiler.swift in Sources */ = {isa = PBXBuildFile; fileRef = 51E368761E966F5A00F8A2A7 /* Compiler.swift */; };
		51E368B31E966F5A00F8A2A7 /* AnnotationParser.swift in Sources */ = {isa = PBXBuildFile; fileRef = 51E368791E966F5A00F8A2A7 /* AnnotationParser.swift */; };
		51E368B41E966F5A00F8A2A7 /* ArgumentParser.swift in Sources */ = {isa = PBXBuildFile; fileRef = 51E3687A1E966F5A00F8A2A7 /* ArgumentParser.swift */; };
		51E368B51E966F5A00F8A2A7 /* KlassContentParser.swift in Sources */ = {isa = PBXBuildFile; fileRef = 51E3687B1E966F5A00F8A2A7 /* KlassContentParser.swift */; };
		51E368B61E966F5A00F8A2A7 /* KlassParser.swift in Sources */ = {isa = PBXBuildFile; fileRef = 51E3687C1E966F5A00F8A2A7 /* KlassParser.swift */; };
		51E368B71E966F5A00F8A2A7 /* MethodParser.swift in Sources */ = {isa = PBXBuildFile; fileRef = 51E3687D1E966F5A00F8A2A7 /* MethodParser.swift */; };
		51E368B81E966F5A00F8A2A7 /* PropertyParser.swift in Sources */ = {isa = PBXBuildFile; fileRef = 51E3687E1E966F5A00F8A2A7 /* PropertyParser.swift */; };
		51E368B91E966F5A00F8A2A7 /* TypeParser.swift in Sources */ = {isa = PBXBuildFile; fileRef = 51E3687F1E966F5A00F8A2A7 /* TypeParser.swift */; };
		51E368BA1E966F5A00F8A2A7 /* String+Line.swift in Sources */ = {isa = PBXBuildFile; fileRef = 51E368811E966F5A00F8A2A7 /* String+Line.swift */; };
		51E368BB1E966F5A00F8A2A7 /* String+Truncate.swift in Sources */ = {isa = PBXBuildFile; fileRef = 51E368821E966F5A00F8A2A7 /* String+Truncate.swift */; };
		51E368BC1E966F5A00F8A2A7 /* Annotation.swift in Sources */ = {isa = PBXBuildFile; fileRef = 51E368841E966F5A00F8A2A7 /* Annotation.swift */; };
		51E368BD1E966F5A00F8A2A7 /* Argument.swift in Sources */ = {isa = PBXBuildFile; fileRef = 51E368851E966F5A00F8A2A7 /* Argument.swift */; };
		51E368BE1E966F5A00F8A2A7 /* CompilerMessage.swift in Sources */ = {isa = PBXBuildFile; fileRef = 51E368861E966F5A00F8A2A7 /* CompilerMessage.swift */; };
		51E368BF1E966F5A00F8A2A7 /* Klass.swift in Sources */ = {isa = PBXBuildFile; fileRef = 51E368871E966F5A00F8A2A7 /* Klass.swift */; };
		51E368C01E966F5A00F8A2A7 /* Method.swift in Sources */ = {isa = PBXBuildFile; fileRef = 51E368881E966F5A00F8A2A7 /* Method.swift */; };
		51E368C11E966F5A00F8A2A7 /* Property.swift in Sources */ = {isa = PBXBuildFile; fileRef = 51E368891E966F5A00F8A2A7 /* Property.swift */; };
		51E368C21E966F5A00F8A2A7 /* SourceCodeFile.swift in Sources */ = {isa = PBXBuildFile; fileRef = 51E3688A1E966F5A00F8A2A7 /* SourceCodeFile.swift */; };
		51E368C31E966F5A00F8A2A7 /* SourceCodeLine.swift in Sources */ = {isa = PBXBuildFile; fileRef = 51E3688B1E966F5A00F8A2A7 /* SourceCodeLine.swift */; };
		51E368C41E966F5A00F8A2A7 /* Typê.swift in Sources */ = {isa = PBXBuildFile; fileRef = 51E3688C1E966F5A00F8A2A7 /* Typê.swift */; };
		8A10021A1D0FA1C700DA4864 /* main.swift in Sources */ = {isa = PBXBuildFile; fileRef = 8A1002191D0FA1C700DA4864 /* main.swift */; };
		8A2F88B01D0FFB60002232AA /* Klass+Service.swift in Sources */ = {isa = PBXBuildFile; fileRef = 8A2F88AF1D0FFB60002232AA /* Klass+Service.swift */; };
		8A60FD4C1D9EBF51005C342B /* Klass+Service.swift in Sources */ = {isa = PBXBuildFile; fileRef = 8A2F88AF1D0FFB60002232AA /* Klass+Service.swift */; };
		8A60FD4E1D9EBF51005C342B /* Application.swift in Sources */ = {isa = PBXBuildFile; fileRef = 8A8EFA9D1D0FA31D000281CF /* Application.swift */; };
		8A60FD4F1D9EBF51005C342B /* main.swift in Sources */ = {isa = PBXBuildFile; fileRef = 8A1002191D0FA1C700DA4864 /* main.swift */; };
		8A8EFA9E1D0FA31D000281CF /* Application.swift in Sources */ = {isa = PBXBuildFile; fileRef = 8A8EFA9D1D0FA31D000281CF /* Application.swift */; };
		BAA52043C88079532A383668 /* ServiceMethodCallComposer.swift in Sources */ = {isa = PBXBuildFile; fileRef = BAA520D8F185C0CB1807586C /* ServiceMethodCallComposer.swift */; };
		BAA52052CEAB7DED439F7387 /* ServiceComposerTests.swift in Sources */ = {isa = PBXBuildFile; fileRef = BAA524059F9551B8F91B2FF5 /* ServiceComposerTests.swift */; };
		BAA521CED8136439C2D13BF3 /* AuthorizedServiceCallComposerTests.swift in Sources */ = {isa = PBXBuildFile; fileRef = BAA52F5CD2E459960B7D44AF /* AuthorizedServiceCallComposerTests.swift */; };
		BAA521F35CF4096A30287C6B /* ServiceLogFilter.swift.test in Resources */ = {isa = PBXBuildFile; fileRef = BAA52DB4965D5C19BCB25C15 /* ServiceLogFilter.swift.test */; };
		BAA522318FBD7C4E3E96F7E1 /* Entity.swift.test in Resources */ = {isa = PBXBuildFile; fileRef = BAA527279160BAF8008D3CCF /* Entity.swift.test */; };
		BAA52320F0878728E308FAFF /* ServiceLogFilterComposer.swift in Sources */ = {isa = PBXBuildFile; fileRef = BAA52C4C75E46AE94DA86742 /* ServiceLogFilterComposer.swift */; };
		BAA52328CD65540ABAA72992 /* ServiceMethodComposer.swift in Sources */ = {isa = PBXBuildFile; fileRef = BAA52895F80CDAD46E8411EF /* ServiceMethodComposer.swift */; };
		BAA523A72AD8ED763F794478 /* ServiceMethodCallComposer.swift in Sources */ = {isa = PBXBuildFile; fileRef = BAA520D8F185C0CB1807586C /* ServiceMethodCallComposer.swift */; };
		BAA523CA3530C32367154572 /* ServiceComposer.swift in Sources */ = {isa = PBXBuildFile; fileRef = BAA52E4E624DCDABEEADC4E9 /* ServiceComposer.swift */; };
		BAA526B58BC43B19329DCF12 /* EntityServiceGen.swift.test in Resources */ = {isa = PBXBuildFile; fileRef = BAA525EA3DFBD884904F907D /* EntityServiceGen.swift.test */; };
		BAA5280273F21C7791E60B3A /* ServiceCallComposerTests.swift in Sources */ = {isa = PBXBuildFile; fileRef = BAA522EB91C6450E18A3BE3F /* ServiceCallComposerTests.swift */; };
		BAA528575EC11C36B789A08A /* ServiceDependencyComposerTests.swift in Sources */ = {isa = PBXBuildFile; fileRef = BAA52638F84D15155077DA8A /* ServiceDependencyComposerTests.swift */; };
		BAA52AA372DD45605932DC59 /* ServiceDependencyComposer.swift in Sources */ = {isa = PBXBuildFile; fileRef = BAA5205440926A965AE6383F /* ServiceDependencyComposer.swift */; };
		BAA52B71611BAE080043A4BA /* ServiceDependency.swift.test in Resources */ = {isa = PBXBuildFile; fileRef = BAA52C0B6E6DEF385101B519 /* ServiceDependency.swift.test */; };
		BAA52C0D789655677C4E3875 /* EntityService.swift.test in Resources */ = {isa = PBXBuildFile; fileRef = BAA5208C608301DC3DAD335D /* EntityService.swift.test */; };
		BAA52C2A3B9F539A1370E51F /* ServiceCallComposer.swift in Sources */ = {isa = PBXBuildFile; fileRef = BAA521D6C09560A7CADD8304 /* ServiceCallComposer.swift */; };
		BAA52C387EAC80C0B909E725 /* AuthorizedServiceCallComposer.swift in Sources */ = {isa = PBXBuildFile; fileRef = BAA525E0D9507D1CE5C03CD9 /* AuthorizedServiceCallComposer.swift */; };
		BAA52C741038E92C8B38418E /* ServiceMethodComposer.swift in Sources */ = {isa = PBXBuildFile; fileRef = BAA52895F80CDAD46E8411EF /* ServiceMethodComposer.swift */; };
		BAA52D58823FC3D5AB96ACBE /* AuthorizedServiceCallComposer.swift in Sources */ = {isa = PBXBuildFile; fileRef = BAA525E0D9507D1CE5C03CD9 /* AuthorizedServiceCallComposer.swift */; };
		BAA52E8703393C1E7E6CDEBA /* ServiceComposer.swift in Sources */ = {isa = PBXBuildFile; fileRef = BAA52E4E624DCDABEEADC4E9 /* ServiceComposer.swift */; };
		BAA52EFF1880DFD0868144DB /* ServiceDependencyComposer.swift in Sources */ = {isa = PBXBuildFile; fileRef = BAA5205440926A965AE6383F /* ServiceDependencyComposer.swift */; };
		BAA52F8D0971A1461387BD51 /* ServiceLogFilterComposerTests.swift in Sources */ = {isa = PBXBuildFile; fileRef = BAA52D1523A73839E29C15D1 /* ServiceLogFilterComposerTests.swift */; };
		BAA52FF340D4300BB4A8C7A6 /* ServiceCallComposer.swift in Sources */ = {isa = PBXBuildFile; fileRef = BAA521D6C09560A7CADD8304 /* ServiceCallComposer.swift */; };
		BAA52FF53081670F7607DD60 /* ServiceLogFilterComposer.swift in Sources */ = {isa = PBXBuildFile; fileRef = BAA52C4C75E46AE94DA86742 /* ServiceLogFilterComposer.swift */; };
/* End PBXBuildFile section */

/* Begin PBXCopyFilesBuildPhase section */
		8A1002141D0FA1C700DA4864 /* CopyFiles */ = {
			isa = PBXCopyFilesBuildPhase;
			buildActionMask = 2147483647;
			dstPath = /usr/share/man/man1/;
			dstSubfolderSpec = 0;
			files = (
			);
			runOnlyForDeploymentPostprocessing = 1;
		};
/* End PBXCopyFilesBuildPhase section */

/* Begin PBXFileReference section */
		51AEEC4A1E9BB4B50083463C /* ServiceCall.swift.test */ = {isa = PBXFileReference; fileEncoding = 4; lastKnownFileType = text; path = ServiceCall.swift.test; sourceTree = "<group>"; xcLanguageSpecificationIdentifier = xcode.lang.swift; };
		51AEEC4C1E9BB5060083463C /* TestCase.swift */ = {isa = PBXFileReference; fileEncoding = 4; lastKnownFileType = sourcecode.swift; path = TestCase.swift; sourceTree = "<group>"; };
		51AEEC4E1E9BCAB70083463C /* AuthorizedServiceCall.swift.test */ = {isa = PBXFileReference; fileEncoding = 4; lastKnownFileType = text; path = AuthorizedServiceCall.swift.test; sourceTree = "<group>"; };
		51CA97121E828B39000D10DF /* ServiceSchema.swift */ = {isa = PBXFileReference; fileEncoding = 4; lastKnownFileType = sourcecode.swift; path = ServiceSchema.swift; sourceTree = "<group>"; };
		51CA97141E82A317000D10DF /* ServiceSchemeFactory.swift */ = {isa = PBXFileReference; fileEncoding = 4; lastKnownFileType = sourcecode.swift; path = ServiceSchemeFactory.swift; sourceTree = "<group>"; };
		51CA97161E82ADC5000D10DF /* ServiceMethodScheme.swift */ = {isa = PBXFileReference; fileEncoding = 4; lastKnownFileType = sourcecode.swift; path = ServiceMethodScheme.swift; sourceTree = "<group>"; };
		51CA971A1E82BC3B000D10DF /* ServiceMethodSchemeFactory.swift */ = {isa = PBXFileReference; fileEncoding = 4; lastKnownFileType = sourcecode.swift; path = ServiceMethodSchemeFactory.swift; sourceTree = "<group>"; };
		51E368601E966F5A00F8A2A7 /* Composer.swift */ = {isa = PBXFileReference; fileEncoding = 4; lastKnownFileType = sourcecode.swift; path = Composer.swift; sourceTree = "<group>"; };
		51E368611E966F5A00F8A2A7 /* ComposerApplication.swift */ = {isa = PBXFileReference; fileEncoding = 4; lastKnownFileType = sourcecode.swift; path = ComposerApplication.swift; sourceTree = "<group>"; };
		51E368631E966F5A00F8A2A7 /* ExecutionParametersReader.swift */ = {isa = PBXFileReference; fileEncoding = 4; lastKnownFileType = sourcecode.swift; path = ExecutionParametersReader.swift; sourceTree = "<group>"; };
		51E368641E966F5A00F8A2A7 /* FileFinder.swift */ = {isa = PBXFileReference; fileEncoding = 4; lastKnownFileType = sourcecode.swift; path = FileFinder.swift; sourceTree = "<group>"; };
		51E368651E966F5A00F8A2A7 /* FileWriter.swift */ = {isa = PBXFileReference; fileEncoding = 4; lastKnownFileType = sourcecode.swift; path = FileWriter.swift; sourceTree = "<group>"; };
		51E368661E966F5A00F8A2A7 /* SourceCodeFileReader.swift */ = {isa = PBXFileReference; fileEncoding = 4; lastKnownFileType = sourcecode.swift; path = SourceCodeFileReader.swift; sourceTree = "<group>"; };
		51E368671E966F5A00F8A2A7 /* Log.swift */ = {isa = PBXFileReference; fileEncoding = 4; lastKnownFileType = sourcecode.swift; path = Log.swift; sourceTree = "<group>"; };
		51E368691E966F5A00F8A2A7 /* ExecutionParameters.swift */ = {isa = PBXFileReference; fileEncoding = 4; lastKnownFileType = sourcecode.swift; path = ExecutionParameters.swift; sourceTree = "<group>"; };
		51E3686A1E966F5A00F8A2A7 /* Implementation.swift */ = {isa = PBXFileReference; fileEncoding = 4; lastKnownFileType = sourcecode.swift; path = Implementation.swift; sourceTree = "<group>"; };
		51E368761E966F5A00F8A2A7 /* Compiler.swift */ = {isa = PBXFileReference; fileEncoding = 4; lastKnownFileType = sourcecode.swift; path = Compiler.swift; sourceTree = "<group>"; };
		51E368791E966F5A00F8A2A7 /* AnnotationParser.swift */ = {isa = PBXFileReference; fileEncoding = 4; lastKnownFileType = sourcecode.swift; path = AnnotationParser.swift; sourceTree = "<group>"; };
		51E3687A1E966F5A00F8A2A7 /* ArgumentParser.swift */ = {isa = PBXFileReference; fileEncoding = 4; lastKnownFileType = sourcecode.swift; path = ArgumentParser.swift; sourceTree = "<group>"; };
		51E3687B1E966F5A00F8A2A7 /* KlassContentParser.swift */ = {isa = PBXFileReference; fileEncoding = 4; lastKnownFileType = sourcecode.swift; path = KlassContentParser.swift; sourceTree = "<group>"; };
		51E3687C1E966F5A00F8A2A7 /* KlassParser.swift */ = {isa = PBXFileReference; fileEncoding = 4; lastKnownFileType = sourcecode.swift; path = KlassParser.swift; sourceTree = "<group>"; };
		51E3687D1E966F5A00F8A2A7 /* MethodParser.swift */ = {isa = PBXFileReference; fileEncoding = 4; lastKnownFileType = sourcecode.swift; path = MethodParser.swift; sourceTree = "<group>"; };
		51E3687E1E966F5A00F8A2A7 /* PropertyParser.swift */ = {isa = PBXFileReference; fileEncoding = 4; lastKnownFileType = sourcecode.swift; path = PropertyParser.swift; sourceTree = "<group>"; };
		51E3687F1E966F5A00F8A2A7 /* TypeParser.swift */ = {isa = PBXFileReference; fileEncoding = 4; lastKnownFileType = sourcecode.swift; path = TypeParser.swift; sourceTree = "<group>"; };
		51E368811E966F5A00F8A2A7 /* String+Line.swift */ = {isa = PBXFileReference; fileEncoding = 4; lastKnownFileType = sourcecode.swift; path = "String+Line.swift"; sourceTree = "<group>"; };
		51E368821E966F5A00F8A2A7 /* String+Truncate.swift */ = {isa = PBXFileReference; fileEncoding = 4; lastKnownFileType = sourcecode.swift; path = "String+Truncate.swift"; sourceTree = "<group>"; };
		51E368841E966F5A00F8A2A7 /* Annotation.swift */ = {isa = PBXFileReference; fileEncoding = 4; lastKnownFileType = sourcecode.swift; path = Annotation.swift; sourceTree = "<group>"; };
		51E368851E966F5A00F8A2A7 /* Argument.swift */ = {isa = PBXFileReference; fileEncoding = 4; lastKnownFileType = sourcecode.swift; path = Argument.swift; sourceTree = "<group>"; };
		51E368861E966F5A00F8A2A7 /* CompilerMessage.swift */ = {isa = PBXFileReference; fileEncoding = 4; lastKnownFileType = sourcecode.swift; path = CompilerMessage.swift; sourceTree = "<group>"; };
		51E368871E966F5A00F8A2A7 /* Klass.swift */ = {isa = PBXFileReference; fileEncoding = 4; lastKnownFileType = sourcecode.swift; path = Klass.swift; sourceTree = "<group>"; };
		51E368881E966F5A00F8A2A7 /* Method.swift */ = {isa = PBXFileReference; fileEncoding = 4; lastKnownFileType = sourcecode.swift; path = Method.swift; sourceTree = "<group>"; };
		51E368891E966F5A00F8A2A7 /* Property.swift */ = {isa = PBXFileReference; fileEncoding = 4; lastKnownFileType = sourcecode.swift; path = Property.swift; sourceTree = "<group>"; };
		51E3688A1E966F5A00F8A2A7 /* SourceCodeFile.swift */ = {isa = PBXFileReference; fileEncoding = 4; lastKnownFileType = sourcecode.swift; path = SourceCodeFile.swift; sourceTree = "<group>"; };
		51E3688B1E966F5A00F8A2A7 /* SourceCodeLine.swift */ = {isa = PBXFileReference; fileEncoding = 4; lastKnownFileType = sourcecode.swift; path = SourceCodeLine.swift; sourceTree = "<group>"; };
		51E3688C1E966F5A00F8A2A7 /* Typê.swift */ = {isa = PBXFileReference; fileEncoding = 4; lastKnownFileType = sourcecode.swift; path = "Typê.swift"; sourceTree = "<group>"; };
		8A1002161D0FA1C700DA4864 /* ServiceGenerator */ = {isa = PBXFileReference; explicitFileType = "compiled.mach-o.executable"; includeInIndex = 0; path = ServiceGenerator; sourceTree = BUILT_PRODUCTS_DIR; };
		8A1002191D0FA1C700DA4864 /* main.swift */ = {isa = PBXFileReference; lastKnownFileType = sourcecode.swift; path = main.swift; sourceTree = "<group>"; };
		8A2F88AF1D0FFB60002232AA /* Klass+Service.swift */ = {isa = PBXFileReference; fileEncoding = 4; lastKnownFileType = sourcecode.swift; path = "Klass+Service.swift"; sourceTree = "<group>"; };
		8A2F88BD1D102587002232AA /* Info.plist */ = {isa = PBXFileReference; lastKnownFileType = text.plist.xml; path = Info.plist; sourceTree = "<group>"; };
		8A60FD231D9EBD8F005C342B /* Tests.xctest */ = {isa = PBXFileReference; explicitFileType = wrapper.cfbundle; includeInIndex = 0; path = Tests.xctest; sourceTree = BUILT_PRODUCTS_DIR; };
		8A8EFA9D1D0FA31D000281CF /* Application.swift */ = {isa = PBXFileReference; fileEncoding = 4; lastKnownFileType = sourcecode.swift; path = Application.swift; sourceTree = "<group>"; };
		BAA5205440926A965AE6383F /* ServiceDependencyComposer.swift */ = {isa = PBXFileReference; fileEncoding = 4; lastKnownFileType = sourcecode.swift; path = ServiceDependencyComposer.swift; sourceTree = "<group>"; };
		BAA5208C608301DC3DAD335D /* EntityService.swift.test */ = {isa = PBXFileReference; lastKnownFileType = file.test; path = EntityService.swift.test; sourceTree = "<group>"; };
		BAA520D8F185C0CB1807586C /* ServiceMethodCallComposer.swift */ = {isa = PBXFileReference; fileEncoding = 4; lastKnownFileType = sourcecode.swift; path = ServiceMethodCallComposer.swift; sourceTree = "<group>"; };
		BAA521D6C09560A7CADD8304 /* ServiceCallComposer.swift */ = {isa = PBXFileReference; fileEncoding = 4; lastKnownFileType = sourcecode.swift; path = ServiceCallComposer.swift; sourceTree = "<group>"; };
		BAA522EB91C6450E18A3BE3F /* ServiceCallComposerTests.swift */ = {isa = PBXFileReference; fileEncoding = 4; lastKnownFileType = sourcecode.swift; path = ServiceCallComposerTests.swift; sourceTree = "<group>"; };
		BAA524059F9551B8F91B2FF5 /* ServiceComposerTests.swift */ = {isa = PBXFileReference; fileEncoding = 4; lastKnownFileType = sourcecode.swift; path = ServiceComposerTests.swift; sourceTree = "<group>"; };
		BAA525E0D9507D1CE5C03CD9 /* AuthorizedServiceCallComposer.swift */ = {isa = PBXFileReference; fileEncoding = 4; lastKnownFileType = sourcecode.swift; path = AuthorizedServiceCallComposer.swift; sourceTree = "<group>"; };
		BAA525EA3DFBD884904F907D /* EntityServiceGen.swift.test */ = {isa = PBXFileReference; lastKnownFileType = file.test; path = EntityServiceGen.swift.test; sourceTree = "<group>"; };
		BAA52638F84D15155077DA8A /* ServiceDependencyComposerTests.swift */ = {isa = PBXFileReference; fileEncoding = 4; lastKnownFileType = sourcecode.swift; path = ServiceDependencyComposerTests.swift; sourceTree = "<group>"; };
		BAA527279160BAF8008D3CCF /* Entity.swift.test */ = {isa = PBXFileReference; lastKnownFileType = file.test; path = Entity.swift.test; sourceTree = "<group>"; };
		BAA52895F80CDAD46E8411EF /* ServiceMethodComposer.swift */ = {isa = PBXFileReference; fileEncoding = 4; lastKnownFileType = sourcecode.swift; path = ServiceMethodComposer.swift; sourceTree = "<group>"; };
		BAA52C0B6E6DEF385101B519 /* ServiceDependency.swift.test */ = {isa = PBXFileReference; lastKnownFileType = file.test; path = ServiceDependency.swift.test; sourceTree = "<group>"; };
		BAA52C4C75E46AE94DA86742 /* ServiceLogFilterComposer.swift */ = {isa = PBXFileReference; fileEncoding = 4; lastKnownFileType = sourcecode.swift; path = ServiceLogFilterComposer.swift; sourceTree = "<group>"; };
		BAA52D1523A73839E29C15D1 /* ServiceLogFilterComposerTests.swift */ = {isa = PBXFileReference; fileEncoding = 4; lastKnownFileType = sourcecode.swift; path = ServiceLogFilterComposerTests.swift; sourceTree = "<group>"; };
		BAA52DB4965D5C19BCB25C15 /* ServiceLogFilter.swift.test */ = {isa = PBXFileReference; lastKnownFileType = file.test; path = ServiceLogFilter.swift.test; sourceTree = "<group>"; };
		BAA52E4E624DCDABEEADC4E9 /* ServiceComposer.swift */ = {isa = PBXFileReference; fileEncoding = 4; lastKnownFileType = sourcecode.swift; path = ServiceComposer.swift; sourceTree = "<group>"; };
		BAA52F5CD2E459960B7D44AF /* AuthorizedServiceCallComposerTests.swift */ = {isa = PBXFileReference; fileEncoding = 4; lastKnownFileType = sourcecode.swift; path = AuthorizedServiceCallComposerTests.swift; sourceTree = "<group>"; };
/* End PBXFileReference section */

/* Begin PBXFrameworksBuildPhase section */
		8A1002131D0FA1C700DA4864 /* Frameworks */ = {
			isa = PBXFrameworksBuildPhase;
			buildActionMask = 2147483647;
			files = (
			);
			runOnlyForDeploymentPostprocessing = 0;
		};
		8A60FD201D9EBD8F005C342B /* Frameworks */ = {
			isa = PBXFrameworksBuildPhase;
			buildActionMask = 2147483647;
			files = (
			);
			runOnlyForDeploymentPostprocessing = 0;
		};
/* End PBXFrameworksBuildPhase section */

/* Begin PBXGroup section */
		5192FCC21E815F8C007EEA00 /* Classes */ = {
			isa = PBXGroup;
			children = (
				BAA5230BB787241F893C2A86 /* Composer */,
				51AEEC4C1E9BB5060083463C /* TestCase.swift */,
			);
			path = Classes;
			sourceTree = "<group>";
		};
		5192FCC31E816142007EEA00 /* Composer */ = {
			isa = PBXGroup;
			children = (
				BAA521D6C09560A7CADD8304 /* ServiceCallComposer.swift */,
				BAA525E0D9507D1CE5C03CD9 /* AuthorizedServiceCallComposer.swift */,
				BAA52E4E624DCDABEEADC4E9 /* ServiceComposer.swift */,
				BAA5205440926A965AE6383F /* ServiceDependencyComposer.swift */,
				BAA52C4C75E46AE94DA86742 /* ServiceLogFilterComposer.swift */,
				BAA52895F80CDAD46E8411EF /* ServiceMethodComposer.swift */,
				BAA520D8F185C0CB1807586C /* ServiceMethodCallComposer.swift */,
			);
			path = Composer;
			sourceTree = "<group>";
		};
		51AEEC481E9BB4850083463C /* Resources */ = {
			isa = PBXGroup;
			children = (
				51AEEC491E9BB4850083463C /* SourceCode */,
			);
			path = Resources;
			sourceTree = "<group>";
		};
		51AEEC491E9BB4850083463C /* SourceCode */ = {
			isa = PBXGroup;
			children = (
				51AEEC4A1E9BB4B50083463C /* ServiceCall.swift.test */,
				51AEEC4E1E9BCAB70083463C /* AuthorizedServiceCall.swift.test */,
				BAA52C0B6E6DEF385101B519 /* ServiceDependency.swift.test */,
				BAA52DB4965D5C19BCB25C15 /* ServiceLogFilter.swift.test */,
				BAA5208C608301DC3DAD335D /* EntityService.swift.test */,
				BAA527279160BAF8008D3CCF /* Entity.swift.test */,
				BAA525EA3DFBD884904F907D /* EntityServiceGen.swift.test */,
			);
			path = SourceCode;
			sourceTree = "<group>";
		};
		51E3685D1E966F5A00F8A2A7 /* ModelCompiler */ = {
			isa = PBXGroup;
			children = (
				51E3685E1E966F5A00F8A2A7 /* Composer */,
				51E368741E966F5A00F8A2A7 /* ModelCompiler */,
			);
			name = ModelCompiler;
			path = Source/ModelCompiler;
			sourceTree = "<group>";
		};
		51E3685E1E966F5A00F8A2A7 /* Composer */ = {
			isa = PBXGroup;
			children = (
				51E3685F1E966F5A00F8A2A7 /* Classes */,
			);
			path = Composer;
			sourceTree = "<group>";
		};
		51E3685F1E966F5A00F8A2A7 /* Classes */ = {
			isa = PBXGroup;
			children = (
				51E368601E966F5A00F8A2A7 /* Composer.swift */,
				51E368611E966F5A00F8A2A7 /* ComposerApplication.swift */,
				51E368621E966F5A00F8A2A7 /* Helper */,
				51E368671E966F5A00F8A2A7 /* Log.swift */,
				51E368681E966F5A00F8A2A7 /* Model */,
			);
			path = Classes;
			sourceTree = "<group>";
		};
		51E368621E966F5A00F8A2A7 /* Helper */ = {
			isa = PBXGroup;
			children = (
				51E368631E966F5A00F8A2A7 /* ExecutionParametersReader.swift */,
				51E368641E966F5A00F8A2A7 /* FileFinder.swift */,
				51E368651E966F5A00F8A2A7 /* FileWriter.swift */,
				51E368661E966F5A00F8A2A7 /* SourceCodeFileReader.swift */,
			);
			path = Helper;
			sourceTree = "<group>";
		};
		51E368681E966F5A00F8A2A7 /* Model */ = {
			isa = PBXGroup;
			children = (
				51E368691E966F5A00F8A2A7 /* ExecutionParameters.swift */,
				51E3686A1E966F5A00F8A2A7 /* Implementation.swift */,
			);
			path = Model;
			sourceTree = "<group>";
		};
		51E368741E966F5A00F8A2A7 /* ModelCompiler */ = {
			isa = PBXGroup;
			children = (
				51E368751E966F5A00F8A2A7 /* Classes */,
			);
			path = ModelCompiler;
			sourceTree = "<group>";
		};
		51E368751E966F5A00F8A2A7 /* Classes */ = {
			isa = PBXGroup;
			children = (
				51E368761E966F5A00F8A2A7 /* Compiler.swift */,
				51E368771E966F5A00F8A2A7 /* Helper */,
				51E368831E966F5A00F8A2A7 /* Model */,
			);
			path = Classes;
			sourceTree = "<group>";
		};
		51E368771E966F5A00F8A2A7 /* Helper */ = {
			isa = PBXGroup;
			children = (
				51E368781E966F5A00F8A2A7 /* Parser */,
				51E368801E966F5A00F8A2A7 /* String */,
			);
			path = Helper;
			sourceTree = "<group>";
		};
		51E368781E966F5A00F8A2A7 /* Parser */ = {
			isa = PBXGroup;
			children = (
				51E368791E966F5A00F8A2A7 /* AnnotationParser.swift */,
				51E3687A1E966F5A00F8A2A7 /* ArgumentParser.swift */,
				51E3687B1E966F5A00F8A2A7 /* KlassContentParser.swift */,
				51E3687C1E966F5A00F8A2A7 /* KlassParser.swift */,
				51E3687D1E966F5A00F8A2A7 /* MethodParser.swift */,
				51E3687E1E966F5A00F8A2A7 /* PropertyParser.swift */,
				51E3687F1E966F5A00F8A2A7 /* TypeParser.swift */,
			);
			path = Parser;
			sourceTree = "<group>";
		};
		51E368801E966F5A00F8A2A7 /* String */ = {
			isa = PBXGroup;
			children = (
				51E368811E966F5A00F8A2A7 /* String+Line.swift */,
				51E368821E966F5A00F8A2A7 /* String+Truncate.swift */,
			);
			path = String;
			sourceTree = "<group>";
		};
		51E368831E966F5A00F8A2A7 /* Model */ = {
			isa = PBXGroup;
			children = (
				51E368841E966F5A00F8A2A7 /* Annotation.swift */,
				51E368851E966F5A00F8A2A7 /* Argument.swift */,
				51E368861E966F5A00F8A2A7 /* CompilerMessage.swift */,
				51E368871E966F5A00F8A2A7 /* Klass.swift */,
				51E368881E966F5A00F8A2A7 /* Method.swift */,
				51E368891E966F5A00F8A2A7 /* Property.swift */,
				51E3688A1E966F5A00F8A2A7 /* SourceCodeFile.swift */,
				51E3688B1E966F5A00F8A2A7 /* SourceCodeLine.swift */,
				51E3688C1E966F5A00F8A2A7 /* Typê.swift */,
			);
			path = Model;
			sourceTree = "<group>";
		};
		51F45BAA1E818A1000CE0F20 /* SchemaFactory */ = {
			isa = PBXGroup;
			children = (
				51CA971A1E82BC3B000D10DF /* ServiceMethodSchemeFactory.swift */,
				51CA97141E82A317000D10DF /* ServiceSchemeFactory.swift */,
			);
			path = SchemaFactory;
			sourceTree = "<group>";
		};
		8A10020D1D0FA1C700DA4864 = {
			isa = PBXGroup;
			children = (
				8A1002171D0FA1C700DA4864 /* Products */,
				8A1002181D0FA1C700DA4864 /* ServiceGenerator */,
				8A2F88BA1D102587002232AA /* Tests */,
			);
			sourceTree = "<group>";
		};
		8A1002171D0FA1C700DA4864 /* Products */ = {
			isa = PBXGroup;
			children = (
				8A1002161D0FA1C700DA4864 /* ServiceGenerator */,
				8A60FD231D9EBD8F005C342B /* Tests.xctest */,
			);
			name = Products;
			sourceTree = "<group>";
		};
		8A1002181D0FA1C700DA4864 /* ServiceGenerator */ = {
			isa = PBXGroup;
			children = (
				8A60FCD91D9EB9D7005C342B /* Library */,
				8A8EFA9C1D0FA317000281CF /* Classes */,
				8A1002191D0FA1C700DA4864 /* main.swift */,
			);
			path = ServiceGenerator;
			sourceTree = "<group>";
		};
		8A2F88BA1D102587002232AA /* Tests */ = {
			isa = PBXGroup;
			children = (
				5192FCC21E815F8C007EEA00 /* Classes */,
				51AEEC481E9BB4850083463C /* Resources */,
				8A2F88BD1D102587002232AA /* Info.plist */,
			);
			path = Tests;
			sourceTree = "<group>";
		};
		8A60FCD91D9EB9D7005C342B /* Library */ = {
			isa = PBXGroup;
			children = (
				51E3685D1E966F5A00F8A2A7 /* ModelCompiler */,
			);
			path = Library;
			sourceTree = "<group>";
		};
		8A76F9C31D0FAD6000D5EE11 /* Model */ = {
			isa = PBXGroup;
			children = (
				8A2F88AF1D0FFB60002232AA /* Klass+Service.swift */,
				51CA97161E82ADC5000D10DF /* ServiceMethodScheme.swift */,
				51CA97121E828B39000D10DF /* ServiceSchema.swift */,
			);
			path = Model;
			sourceTree = "<group>";
		};
		8A8EFA9C1D0FA317000281CF /* Classes */ = {
			isa = PBXGroup;
			children = (
				8ADE998A1D0FA57C00550123 /* Helper */,
				8A76F9C31D0FAD6000D5EE11 /* Model */,
				8A8EFA9D1D0FA31D000281CF /* Application.swift */,
			);
			path = Classes;
			sourceTree = "<group>";
		};
		8ADE998A1D0FA57C00550123 /* Helper */ = {
			isa = PBXGroup;
			children = (
				5192FCC31E816142007EEA00 /* Composer */,
				51F45BAA1E818A1000CE0F20 /* SchemaFactory */,
			);
			path = Helper;
			sourceTree = "<group>";
		};
		BAA5230BB787241F893C2A86 /* Composer */ = {
			isa = PBXGroup;
			children = (
				BAA52F5CD2E459960B7D44AF /* AuthorizedServiceCallComposerTests.swift */,
				BAA522EB91C6450E18A3BE3F /* ServiceCallComposerTests.swift */,
				BAA52638F84D15155077DA8A /* ServiceDependencyComposerTests.swift */,
				BAA52D1523A73839E29C15D1 /* ServiceLogFilterComposerTests.swift */,
				BAA524059F9551B8F91B2FF5 /* ServiceComposerTests.swift */,
			);
			path = Composer;
			sourceTree = "<group>";
		};
/* End PBXGroup section */

/* Begin PBXNativeTarget section */
		8A1002151D0FA1C700DA4864 /* ServiceGenerator */ = {
			isa = PBXNativeTarget;
			buildConfigurationList = 8A10021D1D0FA1C700DA4864 /* Build configuration list for PBXNativeTarget "ServiceGenerator" */;
			buildPhases = (
				8A1002121D0FA1C700DA4864 /* Sources */,
				8A1002131D0FA1C700DA4864 /* Frameworks */,
				8A1002141D0FA1C700DA4864 /* CopyFiles */,
			);
			buildRules = (
			);
			dependencies = (
			);
			name = ServiceGenerator;
			productName = ParserGenerator;
			productReference = 8A1002161D0FA1C700DA4864 /* ServiceGenerator */;
			productType = "com.apple.product-type.tool";
		};
		8A60FD221D9EBD8F005C342B /* Tests */ = {
			isa = PBXNativeTarget;
			buildConfigurationList = 8A60FD281D9EBD8F005C342B /* Build configuration list for PBXNativeTarget "Tests" */;
			buildPhases = (
				8A60FD1F1D9EBD8F005C342B /* Sources */,
				8A60FD201D9EBD8F005C342B /* Frameworks */,
				8A60FD211D9EBD8F005C342B /* Resources */,
			);
			buildRules = (
			);
			dependencies = (
			);
			name = Tests;
			productName = Tests;
			productReference = 8A60FD231D9EBD8F005C342B /* Tests.xctest */;
			productType = "com.apple.product-type.bundle.unit-test";
		};
/* End PBXNativeTarget section */

/* Begin PBXProject section */
		8A10020E1D0FA1C700DA4864 /* Project object */ = {
			isa = PBXProject;
			attributes = {
				LastSwiftUpdateCheck = 0800;
				LastUpgradeCheck = 0800;
				ORGANIZATIONNAME = "RedMadRobot LLC.";
				TargetAttributes = {
					8A1002151D0FA1C700DA4864 = {
						CreatedOnToolsVersion = 8.0;
						DevelopmentTeam = 42LRQS6X44;
						DevelopmentTeamName = "Redmadrobot OOO";
						LastSwiftMigration = 0800;
						ProvisioningStyle = Automatic;
					};
					8A60FD221D9EBD8F005C342B = {
						CreatedOnToolsVersion = 8.0;
						DevelopmentTeam = 42LRQS6X44;
						ProvisioningStyle = Automatic;
					};
				};
			};
			buildConfigurationList = 8A1002111D0FA1C700DA4864 /* Build configuration list for PBXProject "ServiceGenerator" */;
			compatibilityVersion = "Xcode 3.2";
			developmentRegion = English;
			hasScannedForEncodings = 0;
			knownRegions = (
				en,
			);
			mainGroup = 8A10020D1D0FA1C700DA4864;
			productRefGroup = 8A1002171D0FA1C700DA4864 /* Products */;
			projectDirPath = "";
			projectRoot = "";
			targets = (
				8A1002151D0FA1C700DA4864 /* ServiceGenerator */,
				8A60FD221D9EBD8F005C342B /* Tests */,
			);
		};
/* End PBXProject section */

/* Begin PBXResourcesBuildPhase section */
		8A60FD211D9EBD8F005C342B /* Resources */ = {
			isa = PBXResourcesBuildPhase;
			buildActionMask = 2147483647;
			files = (
				51AEEC4F1E9BCAB70083463C /* AuthorizedServiceCall.swift.test in Resources */,
				51AEEC4B1E9BB4B50083463C /* ServiceCall.swift.test in Resources */,
				BAA52B71611BAE080043A4BA /* ServiceDependency.swift.test in Resources */,
				BAA521F35CF4096A30287C6B /* ServiceLogFilter.swift.test in Resources */,
				BAA52C0D789655677C4E3875 /* EntityService.swift.test in Resources */,
				BAA522318FBD7C4E3E96F7E1 /* Entity.swift.test in Resources */,
				BAA526B58BC43B19329DCF12 /* EntityServiceGen.swift.test in Resources */,
			);
			runOnlyForDeploymentPostprocessing = 0;
		};
/* End PBXResourcesBuildPhase section */

/* Begin PBXSourcesBuildPhase section */
		8A1002121D0FA1C700DA4864 /* Sources */ = {
			isa = PBXSourcesBuildPhase;
			buildActionMask = 2147483647;
			files = (
				51E368BE1E966F5A00F8A2A7 /* CompilerMessage.swift in Sources */,
				51CA97171E82ADC5000D10DF /* ServiceMethodScheme.swift in Sources */,
				51E368C11E966F5A00F8A2A7 /* Property.swift in Sources */,
				51E368B31E966F5A00F8A2A7 /* AnnotationParser.swift in Sources */,
				51E368A71E966F5A00F8A2A7 /* ExecutionParametersReader.swift in Sources */,
				51E368BC1E966F5A00F8A2A7 /* Annotation.swift in Sources */,
				51E368C41E966F5A00F8A2A7 /* Typê.swift in Sources */,
				51E368AB1E966F5A00F8A2A7 /* Log.swift in Sources */,
				51E368A61E966F5A00F8A2A7 /* ComposerApplication.swift in Sources */,
				51E368AA1E966F5A00F8A2A7 /* SourceCodeFileReader.swift in Sources */,
				51E368A51E966F5A00F8A2A7 /* Composer.swift in Sources */,
				8A8EFA9E1D0FA31D000281CF /* Application.swift in Sources */,
				51E368B21E966F5A00F8A2A7 /* Compiler.swift in Sources */,
				51E368B81E966F5A00F8A2A7 /* PropertyParser.swift in Sources */,
				51E368A81E966F5A00F8A2A7 /* FileFinder.swift in Sources */,
				51CA971B1E82BC3B000D10DF /* ServiceMethodSchemeFactory.swift in Sources */,
				51E368C01E966F5A00F8A2A7 /* Method.swift in Sources */,
				51E368C31E966F5A00F8A2A7 /* SourceCodeLine.swift in Sources */,
				51E368AD1E966F5A00F8A2A7 /* Implementation.swift in Sources */,
				51E368C21E966F5A00F8A2A7 /* SourceCodeFile.swift in Sources */,
				51E368BA1E966F5A00F8A2A7 /* String+Line.swift in Sources */,
				8A2F88B01D0FFB60002232AA /* Klass+Service.swift in Sources */,
				51E368AC1E966F5A00F8A2A7 /* ExecutionParameters.swift in Sources */,
				51E368A91E966F5A00F8A2A7 /* FileWriter.swift in Sources */,
				8A10021A1D0FA1C700DA4864 /* main.swift in Sources */,
				51CA97131E828B39000D10DF /* ServiceSchema.swift in Sources */,
				51E368BD1E966F5A00F8A2A7 /* Argument.swift in Sources */,
				51E368B91E966F5A00F8A2A7 /* TypeParser.swift in Sources */,
				51E368BB1E966F5A00F8A2A7 /* String+Truncate.swift in Sources */,
				51E368B51E966F5A00F8A2A7 /* KlassContentParser.swift in Sources */,
				51CA97151E82A317000D10DF /* ServiceSchemeFactory.swift in Sources */,
				51E368B61E966F5A00F8A2A7 /* KlassParser.swift in Sources */,
				51E368B41E966F5A00F8A2A7 /* ArgumentParser.swift in Sources */,
				51E368B71E966F5A00F8A2A7 /* MethodParser.swift in Sources */,
				51E368BF1E966F5A00F8A2A7 /* Klass.swift in Sources */,
				BAA52C2A3B9F539A1370E51F /* ServiceCallComposer.swift in Sources */,
				BAA52C387EAC80C0B909E725 /* AuthorizedServiceCallComposer.swift in Sources */,
				BAA523CA3530C32367154572 /* ServiceComposer.swift in Sources */,
				BAA52EFF1880DFD0868144DB /* ServiceDependencyComposer.swift in Sources */,
				BAA52FF53081670F7607DD60 /* ServiceLogFilterComposer.swift in Sources */,
				BAA52C741038E92C8B38418E /* ServiceMethodComposer.swift in Sources */,
				BAA523A72AD8ED763F794478 /* ServiceMethodCallComposer.swift in Sources */,
			);
			runOnlyForDeploymentPostprocessing = 0;
		};
		8A60FD1F1D9EBD8F005C342B /* Sources */ = {
			isa = PBXSourcesBuildPhase;
			buildActionMask = 2147483647;
			files = (
				51AEEC441E9BB1C90083463C /* Property.swift in Sources */,
				51AEEC4D1E9BB5060083463C /* TestCase.swift in Sources */,
				51AEEC381E9BB1C90083463C /* KlassContentParser.swift in Sources */,
				514793751EB9E887009CD671 /* ServiceMethodScheme.swift in Sources */,
				51AEEC401E9BB1C90083463C /* Argument.swift in Sources */,
				51AEEC371E9BB1C90083463C /* ArgumentParser.swift in Sources */,
				51AEEC501E9BEC270083463C /* ServiceSchemeFactory.swift in Sources */,
				51AEEC451E9BB1C90083463C /* SourceCodeFile.swift in Sources */,
				51AEEC2C1E9BB1C90083463C /* Composer.swift in Sources */,
				51AEEC3D1E9BB1C90083463C /* String+Line.swift in Sources */,
				51AEEC511E9BEC340083463C /* ServiceSchema.swift in Sources */,
				51AEEC361E9BB1C90083463C /* AnnotationParser.swift in Sources */,
				51AEEC391E9BB1C90083463C /* KlassParser.swift in Sources */,
				51AEEC3E1E9BB1C90083463C /* String+Truncate.swift in Sources */,
				51AEEC311E9BB1C90083463C /* SourceCodeFileReader.swift in Sources */,
				51AEEC2D1E9BB1C90083463C /* ComposerApplication.swift in Sources */,
				51AEEC331E9BB1C90083463C /* ExecutionParameters.swift in Sources */,
				51AEEC431E9BB1C90083463C /* Method.swift in Sources */,
				51AEEC3A1E9BB1C90083463C /* MethodParser.swift in Sources */,
				51AEEC2F1E9BB1C90083463C /* FileFinder.swift in Sources */,
				51AEEC421E9BB1C90083463C /* Klass.swift in Sources */,
				51AEEC411E9BB1C90083463C /* CompilerMessage.swift in Sources */,
				51AEEC3B1E9BB1C90083463C /* PropertyParser.swift in Sources */,
				51AEEC3F1E9BB1C90083463C /* Annotation.swift in Sources */,
				51AEEC321E9BB1C90083463C /* Log.swift in Sources */,
				8A60FD4C1D9EBF51005C342B /* Klass+Service.swift in Sources */,
				51AEEC471E9BB1C90083463C /* Typê.swift in Sources */,
				51AEEC461E9BB1C90083463C /* SourceCodeLine.swift in Sources */,
				51AEEC2E1E9BB1C90083463C /* ExecutionParametersReader.swift in Sources */,
				51AEEC351E9BB1C90083463C /* Compiler.swift in Sources */,
				51AEEC341E9BB1C90083463C /* Implementation.swift in Sources */,
				8A60FD4E1D9EBF51005C342B /* Application.swift in Sources */,
				8A60FD4F1D9EBF51005C342B /* main.swift in Sources */,
				51AEEC301E9BB1C90083463C /* FileWriter.swift in Sources */,
				514793761EB9E9A0009CD671 /* ServiceMethodSchemeFactory.swift in Sources */,
				BAA5280273F21C7791E60B3A /* ServiceCallComposerTests.swift in Sources */,
				BAA52FF340D4300BB4A8C7A6 /* ServiceCallComposer.swift in Sources */,
				51AEEC3C1E9BB1C90083463C /* TypeParser.swift in Sources */,
				BAA52D58823FC3D5AB96ACBE /* AuthorizedServiceCallComposer.swift in Sources */,
				BAA521CED8136439C2D13BF3 /* AuthorizedServiceCallComposerTests.swift in Sources */,
				BAA52E8703393C1E7E6CDEBA /* ServiceComposer.swift in Sources */,
				BAA52AA372DD45605932DC59 /* ServiceDependencyComposer.swift in Sources */,
				BAA528575EC11C36B789A08A /* ServiceDependencyComposerTests.swift in Sources */,
				BAA52320F0878728E308FAFF /* ServiceLogFilterComposer.swift in Sources */,
				BAA52F8D0971A1461387BD51 /* ServiceLogFilterComposerTests.swift in Sources */,
				BAA52328CD65540ABAA72992 /* ServiceMethodComposer.swift in Sources */,
				BAA52052CEAB7DED439F7387 /* ServiceComposerTests.swift in Sources */,
				BAA52043C88079532A383668 /* ServiceMethodCallComposer.swift in Sources */,
			);
			runOnlyForDeploymentPostprocessing = 0;
		};
/* End PBXSourcesBuildPhase section */

/* Begin XCBuildConfiguration section */
		8A10021B1D0FA1C700DA4864 /* Debug */ = {
			isa = XCBuildConfiguration;
			buildSettings = {
				ALWAYS_SEARCH_USER_PATHS = NO;
				CLANG_ANALYZER_NONNULL = YES;
				CLANG_CXX_LANGUAGE_STANDARD = "gnu++0x";
				CLANG_CXX_LIBRARY = "libc++";
				CLANG_ENABLE_MODULES = YES;
				CLANG_ENABLE_OBJC_ARC = YES;
				CLANG_WARN_BOOL_CONVERSION = YES;
				CLANG_WARN_CONSTANT_CONVERSION = YES;
				CLANG_WARN_DIRECT_OBJC_ISA_USAGE = YES_ERROR;
				CLANG_WARN_DOCUMENTATION_COMMENTS = YES;
				CLANG_WARN_EMPTY_BODY = YES;
				CLANG_WARN_ENUM_CONVERSION = YES;
				CLANG_WARN_INFINITE_RECURSION = YES;
				CLANG_WARN_INT_CONVERSION = YES;
				CLANG_WARN_OBJC_ROOT_CLASS = YES_ERROR;
				CLANG_WARN_SUSPICIOUS_MOVE = YES;
				CLANG_WARN_UNREACHABLE_CODE = YES;
				CLANG_WARN__DUPLICATE_METHOD_MATCH = YES;
				CODE_SIGN_IDENTITY = "-";
				COPY_PHASE_STRIP = NO;
				DEBUG_INFORMATION_FORMAT = dwarf;
				ENABLE_STRICT_OBJC_MSGSEND = YES;
				ENABLE_TESTABILITY = YES;
				GCC_C_LANGUAGE_STANDARD = gnu99;
				GCC_DYNAMIC_NO_PIC = NO;
				GCC_NO_COMMON_BLOCKS = YES;
				GCC_OPTIMIZATION_LEVEL = 0;
				GCC_PREPROCESSOR_DEFINITIONS = (
					"DEBUG=1",
					"$(inherited)",
				);
				GCC_WARN_64_TO_32_BIT_CONVERSION = YES;
				GCC_WARN_ABOUT_RETURN_TYPE = YES_ERROR;
				GCC_WARN_UNDECLARED_SELECTOR = YES;
				GCC_WARN_UNINITIALIZED_AUTOS = YES_AGGRESSIVE;
				GCC_WARN_UNUSED_FUNCTION = YES;
				GCC_WARN_UNUSED_VARIABLE = YES;
				MACOSX_DEPLOYMENT_TARGET = 10.11;
				MTL_ENABLE_DEBUG_INFO = YES;
				ONLY_ACTIVE_ARCH = YES;
				SDKROOT = macosx;
				SWIFT_OPTIMIZATION_LEVEL = "-Onone";
			};
			name = Debug;
		};
		8A10021C1D0FA1C700DA4864 /* Release */ = {
			isa = XCBuildConfiguration;
			buildSettings = {
				ALWAYS_SEARCH_USER_PATHS = NO;
				CLANG_ANALYZER_NONNULL = YES;
				CLANG_CXX_LANGUAGE_STANDARD = "gnu++0x";
				CLANG_CXX_LIBRARY = "libc++";
				CLANG_ENABLE_MODULES = YES;
				CLANG_ENABLE_OBJC_ARC = YES;
				CLANG_WARN_BOOL_CONVERSION = YES;
				CLANG_WARN_CONSTANT_CONVERSION = YES;
				CLANG_WARN_DIRECT_OBJC_ISA_USAGE = YES_ERROR;
				CLANG_WARN_DOCUMENTATION_COMMENTS = YES;
				CLANG_WARN_EMPTY_BODY = YES;
				CLANG_WARN_ENUM_CONVERSION = YES;
				CLANG_WARN_INFINITE_RECURSION = YES;
				CLANG_WARN_INT_CONVERSION = YES;
				CLANG_WARN_OBJC_ROOT_CLASS = YES_ERROR;
				CLANG_WARN_SUSPICIOUS_MOVE = YES;
				CLANG_WARN_UNREACHABLE_CODE = YES;
				CLANG_WARN__DUPLICATE_METHOD_MATCH = YES;
				CODE_SIGN_IDENTITY = "-";
				COPY_PHASE_STRIP = NO;
				DEBUG_INFORMATION_FORMAT = "dwarf-with-dsym";
				ENABLE_NS_ASSERTIONS = NO;
				ENABLE_STRICT_OBJC_MSGSEND = YES;
				GCC_C_LANGUAGE_STANDARD = gnu99;
				GCC_NO_COMMON_BLOCKS = YES;
				GCC_WARN_64_TO_32_BIT_CONVERSION = YES;
				GCC_WARN_ABOUT_RETURN_TYPE = YES_ERROR;
				GCC_WARN_UNDECLARED_SELECTOR = YES;
				GCC_WARN_UNINITIALIZED_AUTOS = YES_AGGRESSIVE;
				GCC_WARN_UNUSED_FUNCTION = YES;
				GCC_WARN_UNUSED_VARIABLE = YES;
				MACOSX_DEPLOYMENT_TARGET = 10.11;
				MTL_ENABLE_DEBUG_INFO = NO;
				SDKROOT = macosx;
				SWIFT_OPTIMIZATION_LEVEL = "-Owholemodule";
			};
			name = Release;
		};
		8A10021E1D0FA1C700DA4864 /* Debug */ = {
			isa = XCBuildConfiguration;
			buildSettings = {
				PRODUCT_NAME = "$(TARGET_NAME)";
				SWIFT_VERSION = 3.0;
			};
			name = Debug;
		};
		8A10021F1D0FA1C700DA4864 /* Release */ = {
			isa = XCBuildConfiguration;
			buildSettings = {
				ENABLE_TESTABILITY = YES;
				PRODUCT_NAME = "$(TARGET_NAME)";
				SWIFT_VERSION = 3.0;
			};
			name = Release;
		};
		8A60FD291D9EBD8F005C342B /* Debug */ = {
			isa = XCBuildConfiguration;
			buildSettings = {
				CLANG_WARN_SUSPICIOUS_MOVES = YES;
				CODE_SIGN_IDENTITY = "";
				COMBINE_HIDPI_IMAGES = YES;
				DEVELOPMENT_TEAM = 42LRQS6X44;
				INFOPLIST_FILE = Tests/Info.plist;
				LD_RUNPATH_SEARCH_PATHS = "$(inherited) @executable_path/../Frameworks @loader_path/../Frameworks";
				MACOSX_DEPLOYMENT_TARGET = 10.12;
				PRODUCT_BUNDLE_IDENTIFIER = com.redmadrobot.Tests;
				PRODUCT_NAME = "$(TARGET_NAME)";
				SWIFT_ACTIVE_COMPILATION_CONDITIONS = DEBUG;
				SWIFT_VERSION = 3.0;
			};
			name = Debug;
		};
		8A60FD2A1D9EBD8F005C342B /* Release */ = {
			isa = XCBuildConfiguration;
			buildSettings = {
				CLANG_WARN_SUSPICIOUS_MOVES = YES;
				CODE_SIGN_IDENTITY = "";
				COMBINE_HIDPI_IMAGES = YES;
				DEVELOPMENT_TEAM = 42LRQS6X44;
				INFOPLIST_FILE = Tests/Info.plist;
				LD_RUNPATH_SEARCH_PATHS = "$(inherited) @executable_path/../Frameworks @loader_path/../Frameworks";
				MACOSX_DEPLOYMENT_TARGET = 10.12;
				PRODUCT_BUNDLE_IDENTIFIER = com.redmadrobot.Tests;
				PRODUCT_NAME = "$(TARGET_NAME)";
				SWIFT_VERSION = 3.0;
			};
			name = Release;
		};
/* End XCBuildConfiguration section */

/* Begin XCConfigurationList section */
		8A1002111D0FA1C700DA4864 /* Build configuration list for PBXProject "ServiceGenerator" */ = {
			isa = XCConfigurationList;
			buildConfigurations = (
				8A10021B1D0FA1C700DA4864 /* Debug */,
				8A10021C1D0FA1C700DA4864 /* Release */,
			);
			defaultConfigurationIsVisible = 0;
			defaultConfigurationName = Release;
		};
		8A10021D1D0FA1C700DA4864 /* Build configuration list for PBXNativeTarget "ServiceGenerator" */ = {
			isa = XCConfigurationList;
			buildConfigurations = (
				8A10021E1D0FA1C700DA4864 /* Debug */,
				8A10021F1D0FA1C700DA4864 /* Release */,
			);
			defaultConfigurationIsVisible = 0;
			defaultConfigurationName = Release;
		};
		8A60FD281D9EBD8F005C342B /* Build configuration list for PBXNativeTarget "Tests" */ = {
			isa = XCConfigurationList;
			buildConfigurations = (
				8A60FD291D9EBD8F005C342B /* Debug */,
				8A60FD2A1D9EBD8F005C342B /* Release */,
			);
			defaultConfigurationIsVisible = 0;
			defaultConfigurationName = Release;
		};
/* End XCConfigurationList section */
	};
	rootObject = 8A10020E1D0FA1C700DA4864 /* Project object */;
}
